
Microsoft Visual Studio Solution File, Format Version 12.00
# Visual Studio Version 17
VisualStudioVersion = 17.0.31521.260
MinimumVisualStudioVersion = 10.0.40219.1
Project("{9A19103F-16F7-4668-BE54-9A1E7A4F7556}") = "SalvarArquivoWpf", "SalvarArquivoWpf\SalvarArquivoWpf.csproj", "{20378084-62D4-49B1-99F1-C295AD4129E6}"
EndProject
Global
	GlobalSection(SolutionConfigurationPlatforms) = preSolution
		Debug|Any CPU = Debug|Any CPU
		Release|Any CPU = Release|Any CPU
	EndGlobalSection
	GlobalSection(ProjectConfigurationPlatforms) = postSolution
		{20378084-62D4-49B1-99F1-C295AD4129E6}.Debug|Any CPU.ActiveCfg = Debug|Any CPU
		{20378084-62D4-49B1-99F1-C295AD4129E6}.Debug|Any CPU.Build.0 = Debug|Any CPU
		{20378084-62D4-49B1-99F1-C295AD4129E6}.Release|Any CPU.ActiveCfg = Release|Any CPU
		{20378084-62D4-49B1-99F1-C295AD4129E6}.Release|Any CPU.Build.0 = Release|Any CPU
	EndGlobalSection
	GlobalSection(SolutionProperties) = preSolution
		HideSolutionNode = FALSE
	EndGlobalSection
	GlobalSection(ExtensibilityGlobals) = postSolution
		SolutionGuid = {64987768-6858-44AF-8E57-CE4A6CE84366}
	EndGlobalSection
EndGlobal
